
Microsoft Visual Studio Solution File, Format Version 12.00
# Visual Studio Version 17
VisualStudioVersion = 17.6.33717.318
MinimumVisualStudioVersion = 10.0.40219.1
Project("{FAE04EC0-301F-11D3-BF4B-00C04F79EFBC}") = "menu", "menu.csproj", "{4564A05D-53B8-4995-A7FA-8B5A8413B6F2}"
EndProject
Global
	GlobalSection(SolutionConfigurationPlatforms) = preSolution
		Debug|Any CPU = Debug|Any CPU
		Release|Any CPU = Release|Any CPU
	EndGlobalSection
	GlobalSection(ProjectConfigurationPlatforms) = postSolution
		{4564A05D-53B8-4995-A7FA-8B5A8413B6F2}.Debug|Any CPU.ActiveCfg = Debug|Any CPU
		{4564A05D-53B8-4995-A7FA-8B5A8413B6F2}.Debug|Any CPU.Build.0 = Debug|Any CPU
		{4564A05D-53B8-4995-A7FA-8B5A8413B6F2}.Release|Any CPU.ActiveCfg = Release|Any CPU
		{4564A05D-53B8-4995-A7FA-8B5A8413B6F2}.Release|Any CPU.Build.0 = Release|Any CPU
	EndGlobalSection
	GlobalSection(SolutionProperties) = preSolution
		HideSolutionNode = FALSE
	EndGlobalSection
	GlobalSection(ExtensibilityGlobals) = postSolution
		SolutionGuid = {A8B38E6F-D5A1-44B6-A8D6-833894A98E8D}
	EndGlobalSection
EndGlobal
